{
  "version": 4,
  "terraform_version": "1.5.7",
  "serial": 10,
  "lineage": "bb71a499-be93-086a-ea4a-7d5c2ed16740",
  "outputs": {
    "bucket_name": {
      "value": "rdap-chatbot-terraform-state",
      "type": "string"
    },
    "namespace": {
      "value": "axpqbvkhoxdj",
      "type": "string"
    },
    "rdap_chatbotdev_cmp_name": {
      "value": "rdap-chatbot-cmp",
      "type": "string"
    },
    "rdap_chatbotdev_cmp_ocid": {
      "value": "ocid1.compartment.oc19..aaaaaaaaw7nfek7szdgjrdidzqhkjzx7bw4txy2y3kdydjryavxmei52t5xq",
      "type": "string"
    }
  },
  "resources": [
    {
      "mode": "data",
      "type": "oci_objectstorage_namespace",
      "name": "ns",
      "provider": "provider[\"registry.terraform.io/oracle/oci\"]",
      "instances": [
        {
          "schema_version": 0,
          "attributes": {
            "compartment_id": "ocid1.tenancy.oc19..aaaaaaaadu4nynpyltw2mbzb7qhmimjldhzpasq5vzffcv7mkw67vy5fnd3a",
            "id": "ObjectStorageNamespaceDataSource-3071175146",
            "namespace": "axpqbvkhoxdj"
          },
          "sensitive_attributes": []
        }
      ]
    },
    {
      "mode": "managed",
      "type": "oci_identity_compartment",
      "name": "rdap_chatbotdev_cmp",
      "provider": "provider[\"registry.terraform.io/oracle/oci\"]",
      "instances": [
        {
          "schema_version": 0,
          "attributes": {
            "compartment_id": "ocid1.tenancy.oc19..aaaaaaaadu4nynpyltw2mbzb7qhmimjldhzpasq5vzffcv7mkw67vy5fnd3a",
            "defined_tags": {
              "Oracle-Tags.CreatedBy": "default/jens.erik.myhra@sykehuspartner.no",
              "Oracle-Tags.CreatedOn": "2026-05-24T12:11:55.298Z"
            },
            "description": "Compartment for rdap chatbot resources",
            "enable_delete": null,
            "freeform_tags": {},
            "id": "ocid1.compartment.oc19..aaaaaaaaw7nfek7szdgjrdidzqhkjzx7bw4txy2y3kdydjryavxmei52t5xq",
            "inactive_state": null,
            "is_accessible": true,
            "name": "rdap-chatbot-cmp",
            "state": "ACTIVE",
            "time_created": "2026-05-24 12:11:55.324 +0000 UTC",
            "timeouts": null
          },
          "sensitive_attributes": [],
          "private": "eyJlMmJmYjczMC1lY2FhLTExZTYtOGY4OC0zNDM2M2JjN2M0YzAiOnsiZGVsZXRlIjo1NDAwMDAwMDAwMDAwfX0="
        }
      ]
    },
    {
      "mode": "managed",
      "type": "oci_objectstorage_bucket",
      "name": "rdap_chatbot_terraform_state",
      "provider": "provider[\"registry.terraform.io/oracle/oci\"]",
      "instances": [
        {
          "schema_version": 0,
          "attributes": {
            "access_type": "NoPublicAccess",
            "approximate_count": "0",
            "approximate_size": "0",
            "auto_tiering": "Disabled",
            "bucket_id": "ocid1.bucket.oc19.eu-frankfurt-2.aaaaaaaalv6dbvjawlojbjyhkqe42ibto2yuban4kaowqyxi23vethvqelzq",
            "bucket_scope": "NAMESPACE",
            "compartment_id": "ocid1.compartment.oc19..aaaaaaaaw7nfek7szdgjrdidzqhkjzx7bw4txy2y3kdydjryavxmei52t5xq",
            "created_by": "ocid1.user.oc19..aaaaaaaawkogoic3q7guo4huvji3vb5kexemlqthtql3fcc3ickff73og4pq",
            "defined_tags": {
              "Oracle-Tags.CreatedBy": "default/jens.erik.myhra@sykehuspartner.no",
              "Oracle-Tags.CreatedOn": "2026-05-24T12:14:12.085Z"
            },
            "etag": "dc829efd-8ba5-4ee7-bd69-1905fe68727c",
            "freeform_tags": {
              "ManagedBy": "Terraform",
              "Purpose": "RDAPChatbotTerraformState"
            },
            "id": "n/axpqbvkhoxdj/b/rdap-chatbot-terraform-state",
            "is_read_only": false,
            "kms_key_id": null,
            "metadata": null,
            "name": "rdap-chatbot-terraform-state",
            "namespace": "axpqbvkhoxdj",
            "object_events_enabled": false,
            "object_lifecycle_policy_etag": null,
            "replication_enabled": false,
            "retention_rules": [],
            "storage_tier": "Standard",
            "time_created": "2026-05-24 12:14:12.09 +0000 UTC",
            "timeouts": null,
            "versioning": "Enabled"
          },
          "sensitive_attributes": [],
          "private": "eyJlMmJmYjczMC1lY2FhLTExZTYtOGY4OC0zNDM2M2JjN2M0YzAiOnsiY3JlYXRlIjoxMjAwMDAwMDAwMDAwLCJkZWxldGUiOjEyMDAwMDAwMDAwMDAsInVwZGF0ZSI6MTIwMDAwMDAwMDAwMH19",
          "dependencies": [
            "data.oci_objectstorage_namespace.ns",
            "oci_identity_compartment.rdap_chatbotdev_cmp"
          ]
        }
      ]
    }
  ],
  "check_results": null
}
